
Microsoft Visual Studio Solution File, Format Version 12.00
# Visual Studio Version 16
Project("{FAE04EC0-301F-11D3-BF4B-00C04F79EFBC}") = "RestService", "src\RestService\RestService.csproj", "{5667CB3E-789B-463C-B989-8D237434FE97}"
EndProject
Project("{FAE04EC0-301F-11D3-BF4B-00C04F79EFBC}") = "OsmApi", "src\OsmApi\OsmApi.csproj", "{B7802D75-9023-48EA-9FFC-59BF14314197}"
EndProject
Project("{2150E333-8FDC-42A3-9474-1A3956D46DE8}") = "src", "src", "{0D1427D9-381F-4F94-BB46-2EA9E7947CF1}"
EndProject
Project("{2150E333-8FDC-42A3-9474-1A3956D46DE8}") = "test", "test", "{2C2E69E8-7A0F-416B-A597-8C21F48B208C}"
EndProject
Project("{FAE04EC0-301F-11D3-BF4B-00C04F79EFBC}") = "OsmApi.Tests", "test\OsmApi.Tests\OsmApi.Tests.csproj", "{58648FE9-17DE-45DC-9572-41A7A12303A0}"
EndProject
Project("{FAE04EC0-301F-11D3-BF4B-00C04F79EFBC}") = "DatabaseRepository", "src\DatabaseRepository\DatabaseRepository.csproj", "{1604E799-FCE3-49B9-A6D8-11F3B28F3FD5}"
EndProject
Project("{FAE04EC0-301F-11D3-BF4B-00C04F79EFBC}") = "DatabaseRepositoy.Tests", "test\DatabaseRepositoy.Tests\DatabaseRepositoy.Tests.csproj", "{B992A77F-B182-4AA1-BA6B-8D1359E6D9BB}"
EndProject
Global
	GlobalSection(SolutionConfigurationPlatforms) = preSolution
		Debug|Any CPU = Debug|Any CPU
		Release|Any CPU = Release|Any CPU
	EndGlobalSection
	GlobalSection(ProjectConfigurationPlatforms) = postSolution
		{5667CB3E-789B-463C-B989-8D237434FE97}.Debug|Any CPU.ActiveCfg = Debug|Any CPU
		{5667CB3E-789B-463C-B989-8D237434FE97}.Debug|Any CPU.Build.0 = Debug|Any CPU
		{5667CB3E-789B-463C-B989-8D237434FE97}.Release|Any CPU.ActiveCfg = Release|Any CPU
		{5667CB3E-789B-463C-B989-8D237434FE97}.Release|Any CPU.Build.0 = Release|Any CPU
		{B7802D75-9023-48EA-9FFC-59BF14314197}.Debug|Any CPU.ActiveCfg = Debug|Any CPU
		{B7802D75-9023-48EA-9FFC-59BF14314197}.Debug|Any CPU.Build.0 = Debug|Any CPU
		{B7802D75-9023-48EA-9FFC-59BF14314197}.Release|Any CPU.ActiveCfg = Release|Any CPU
		{B7802D75-9023-48EA-9FFC-59BF14314197}.Release|Any CPU.Build.0 = Release|Any CPU
		{58648FE9-17DE-45DC-9572-41A7A12303A0}.Debug|Any CPU.ActiveCfg = Debug|Any CPU
		{58648FE9-17DE-45DC-9572-41A7A12303A0}.Debug|Any CPU.Build.0 = Debug|Any CPU
		{58648FE9-17DE-45DC-9572-41A7A12303A0}.Release|Any CPU.ActiveCfg = Release|Any CPU
		{58648FE9-17DE-45DC-9572-41A7A12303A0}.Release|Any CPU.Build.0 = Release|Any CPU
		{1604E799-FCE3-49B9-A6D8-11F3B28F3FD5}.Debug|Any CPU.ActiveCfg = Debug|Any CPU
		{1604E799-FCE3-49B9-A6D8-11F3B28F3FD5}.Debug|Any CPU.Build.0 = Debug|Any CPU
		{1604E799-FCE3-49B9-A6D8-11F3B28F3FD5}.Release|Any CPU.ActiveCfg = Release|Any CPU
		{1604E799-FCE3-49B9-A6D8-11F3B28F3FD5}.Release|Any CPU.Build.0 = Release|Any CPU
		{B992A77F-B182-4AA1-BA6B-8D1359E6D9BB}.Debug|Any CPU.ActiveCfg = Debug|Any CPU
		{B992A77F-B182-4AA1-BA6B-8D1359E6D9BB}.Debug|Any CPU.Build.0 = Debug|Any CPU
		{B992A77F-B182-4AA1-BA6B-8D1359E6D9BB}.Release|Any CPU.ActiveCfg = Release|Any CPU
		{B992A77F-B182-4AA1-BA6B-8D1359E6D9BB}.Release|Any CPU.Build.0 = Release|Any CPU
	EndGlobalSection
	GlobalSection(NestedProjects) = preSolution
		{5667CB3E-789B-463C-B989-8D237434FE97} = {0D1427D9-381F-4F94-BB46-2EA9E7947CF1}
		{B7802D75-9023-48EA-9FFC-59BF14314197} = {0D1427D9-381F-4F94-BB46-2EA9E7947CF1}
		{58648FE9-17DE-45DC-9572-41A7A12303A0} = {2C2E69E8-7A0F-416B-A597-8C21F48B208C}
		{1604E799-FCE3-49B9-A6D8-11F3B28F3FD5} = {0D1427D9-381F-4F94-BB46-2EA9E7947CF1}
		{B992A77F-B182-4AA1-BA6B-8D1359E6D9BB} = {2C2E69E8-7A0F-416B-A597-8C21F48B208C}
	EndGlobalSection
EndGlobal
